{
  "name": "hydrogen-extras",
  "version": "0.0.0",
  "lockfileVersion": 1,
  "requires": true,
  "dependencies": {
    "@types/clone": {
      "version": "2.1.0",
      "resolved": "https://registry.npmjs.org/@types/clone/-/clone-2.1.0.tgz",
      "integrity": "sha512-d/aS/lPOnUSruPhgNtT8jW39fHRVTLQy9sodysP1kkG8EdAtdZu1vt8NJaYA8w/6Z9j8izkAsx1A/yJhcYR1CA=="
    },
    "@types/estree": {
      "version": "1.0.0",
      "resolved": "https://registry.npmjs.org/@types/estree/-/estree-1.0.0.tgz",
      "integrity": "sha512-WulqXMDUTYAXCjZnk6JtIHPigp55cVtDgDrO2gHRwhyJto21+1zbVCtOYB2L1F9w4qCQ0rOGWBnBe0FNTiEJIQ=="
    },
    "@types/fast-json-stable-stringify": {
      "version": "2.0.0",
      "resolved": "https://registry.npmjs.org/@types/fast-json-stable-stringify/-/fast-json-stable-stringify-2.0.0.tgz",
      "integrity": "sha512-mky/O83TXmGY39P1H9YbUpjV6l6voRYlufqfFCvel8l1phuy8HRjdWc1rrPuN53ITBJlbyMSV6z3niOySO5pgQ=="
    },
    "@types/geojson": {
      "version": "7946.0.10",
      "resolved": "https://registry.npmjs.org/@types/geojson/-/geojson-7946.0.10.tgz",
      "integrity": "sha512-Nmh0K3iWQJzniTuPRcJn5hxXkfB1T1pgB89SBig5PlJQU5yocazeu4jATJlaA0GYFKWMqDdvYemoSnF2pXgLVA=="
    },
    "ansi-regex": {
      "version": "5.0.0",
      "resolved": "https://registry.npmjs.org/ansi-regex/-/ansi-regex-5.0.0.tgz",
      "integrity": "sha512-bY6fj56OUQ0hU1KjFNDQuJFezqKdrAyFdIevADiqrWHwSlbmBNMHp5ak2f40Pm8JTFyM2mqxkG6ngkHO11f/lg=="
    },
    "ansi-styles": {
      "version": "4.3.0",
      "resolved": "https://registry.npmjs.org/ansi-styles/-/ansi-styles-4.3.0.tgz",
      "integrity": "sha512-zbB9rCJAT1rbjiVDb2hqKFHNYLxgtk8NURxZ3IZwD3F6NtxbXZQCnnSi1Lkx+IDohdPlFp222wVALIheZJQSEg==",
      "requires": {
        "color-convert": "^2.0.1"
      }
    },
    "ansi_up": {
      "version": "4.0.3",
      "resolved": "https://registry.npmjs.org/ansi_up/-/ansi_up-4.0.3.tgz",
      "integrity": "sha512-ub+xzfB7Mkikx6u0/iHx97Cvs5SJRNjh3yoQpuRaAvC9L2t8ZghlqG6jXIQ7XkbtQyHJU/EP2AnPvwcib0vu6A=="
    },
    "array-flat-polyfill": {
      "version": "1.0.1",
      "resolved": "https://registry.npmjs.org/array-flat-polyfill/-/array-flat-polyfill-1.0.1.tgz",
      "integrity": "sha512-hfJmKupmQN0lwi0xG6FQ5U8Rd97RnIERplymOv/qpq8AoNKPPAnxJadjFA23FNWm88wykh9HmpLJUUwUtNU/iw=="
    },
    "cliui": {
      "version": "7.0.4",
      "resolved": "https://registry.npmjs.org/cliui/-/cliui-7.0.4.tgz",
      "integrity": "sha512-OcRE68cOsVMXp1Yvonl/fzkQOyjLSu/8bhPDfQt0e0/Eb283TKP20Fs2MqoPsr9SwA595rRCA+QMzYc9nBP+JQ==",
      "requires": {
        "string-width": "^4.2.0",
        "strip-ansi": "^6.0.0",
        "wrap-ansi": "^7.0.0"
      }
    },
    "clone": {
      "version": "2.1.2",
      "resolved": "https://registry.npmjs.org/clone/-/clone-2.1.2.tgz",
      "integrity": "sha1-G39Ln1kfHo+DZwQBYANFoCiHQ18="
    },
    "color-convert": {
      "version": "2.0.1",
      "resolved": "https://registry.npmjs.org/color-convert/-/color-convert-2.0.1.tgz",
      "integrity": "sha512-RRECPsj7iu/xb5oKYcsFHSppFNnsj/52OVTRKb4zP5onXwVF3zVmmToNcOfGC+CRDpfK/U584fMg38ZHCaElKQ==",
      "requires": {
        "color-name": "~1.1.4"
      }
    },
    "color-name": {
      "version": "1.1.4",
      "resolved": "https://registry.npmjs.org/color-name/-/color-name-1.1.4.tgz",
      "integrity": "sha512-dOy+3AuW3a2wNbZHIuMZpTcgjGuLU/uBL/ubcZF9OXbDo8ff4O8yVp5Bf0efS8uEoYo5q4Fx7dY9OgQGXgAsQA=="
    },
    "commander": {
      "version": "7.2.0",
      "resolved": "https://registry.npmjs.org/commander/-/commander-7.2.0.tgz",
      "integrity": "sha512-QrWXB+ZQSVPmIWIhtEO9H+gwHaMGYiF5ChvoJ+K9ZGHG/sVsa6yiesAD1GC/x46sET00Xlwo1u49RVVVzvcSkw=="
    },
    "d3-array": {
      "version": "3.2.2",
      "resolved": "https://registry.npmjs.org/d3-array/-/d3-array-3.2.2.tgz",
      "integrity": "sha512-yEEyEAbDrF8C6Ob2myOBLjwBLck1Z89jMGFee0oPsn95GqjerpaOA4ch+vc2l0FNFFwMD5N7OCSEN5eAlsUbgQ==",
      "requires": {
        "internmap": "1 - 2"
      }
    },
    "d3-color": {
      "version": "3.1.0",
      "resolved": "https://registry.npmjs.org/d3-color/-/d3-color-3.1.0.tgz",
      "integrity": "sha512-zg/chbXyeBtMQ1LbD/WSoW2DpC3I0mpmPdW+ynRTj/x2DAWYrIY7qeZIHidozwV24m4iavr15lNwIwLxRmOxhA=="
    },
    "d3-delaunay": {
      "version": "6.0.2",
      "resolved": "https://registry.npmjs.org/d3-delaunay/-/d3-delaunay-6.0.2.tgz",
      "integrity": "sha512-IMLNldruDQScrcfT+MWnazhHbDJhcRJyOEBAJfwQnHle1RPh6WDuLvxNArUju2VSMSUuKlY5BGHRJ2cYyoFLQQ==",
      "requires": {
        "delaunator": "5"
      }
    },
    "d3-dispatch": {
      "version": "3.0.1",
      "resolved": "https://registry.npmjs.org/d3-dispatch/-/d3-dispatch-3.0.1.tgz",
      "integrity": "sha512-rzUyPU/S7rwUflMyLc1ETDeBj0NRuHKKAcvukozwhshr6g6c5d8zh4c2gQjY2bZ0dXeGLWc1PF174P2tVvKhfg=="
    },
    "d3-dsv": {
      "version": "3.0.1",
      "resolved": "https://registry.npmjs.org/d3-dsv/-/d3-dsv-3.0.1.tgz",
      "integrity": "sha512-UG6OvdI5afDIFP9w4G0mNq50dSOsXHJaRE8arAS5o9ApWnIElp8GZw1Dun8vP8OyHOZ/QJUKUJwxiiCCnUwm+Q==",
      "requires": {
        "commander": "7",
        "iconv-lite": "0.6",
        "rw": "1"
      }
    },
    "d3-force": {
      "version": "3.0.0",
      "resolved": "https://registry.npmjs.org/d3-force/-/d3-force-3.0.0.tgz",
      "integrity": "sha512-zxV/SsA+U4yte8051P4ECydjD/S+qeYtnaIyAs9tgHCqfguma/aAQDjo85A9Z6EKhBirHRJHXIgJUlffT4wdLg==",
      "requires": {
        "d3-dispatch": "1 - 3",
        "d3-quadtree": "1 - 3",
        "d3-timer": "1 - 3"
      }
    },
    "d3-format": {
      "version": "3.1.0",
      "resolved": "https://registry.npmjs.org/d3-format/-/d3-format-3.1.0.tgz",
      "integrity": "sha512-YyUI6AEuY/Wpt8KWLgZHsIU86atmikuoOmCfommt0LYHiQSPjvX2AcFc38PX0CBpr2RCyZhjex+NS/LPOv6YqA=="
    },
    "d3-geo": {
      "version": "3.1.0",
      "resolved": "https://registry.npmjs.org/d3-geo/-/d3-geo-3.1.0.tgz",
      "integrity": "sha512-JEo5HxXDdDYXCaWdwLRt79y7giK8SbhZJbFWXqbRTolCHFI5jRqteLzCsq51NKbUoX0PjBVSohxrx+NoOUujYA==",
      "requires": {
        "d3-array": "2.5.0 - 3"
      }
    },
    "d3-geo-projection": {
      "version": "4.0.0",
      "resolved": "https://registry.npmjs.org/d3-geo-projection/-/d3-geo-projection-4.0.0.tgz",
      "integrity": "sha512-p0bK60CEzph1iqmnxut7d/1kyTmm3UWtPlwdkM31AU+LW+BXazd5zJdoCn7VFxNCHXRngPHRnsNn5uGjLRGndg==",
      "requires": {
        "commander": "7",
        "d3-array": "1 - 3",
        "d3-geo": "1.12.0 - 3"
      }
    },
    "d3-hierarchy": {
      "version": "3.1.2",
      "resolved": "https://registry.npmjs.org/d3-hierarchy/-/d3-hierarchy-3.1.2.tgz",
      "integrity": "sha512-FX/9frcub54beBdugHjDCdikxThEqjnR93Qt7PvQTOHxyiNCAlvMrHhclk3cD5VeAaq9fxmfRp+CnWw9rEMBuA=="
    },
    "d3-interpolate": {
      "version": "3.0.1",
      "resolved": "https://registry.npmjs.org/d3-interpolate/-/d3-interpolate-3.0.1.tgz",
      "integrity": "sha512-3bYs1rOD33uo8aqJfKP3JWPAibgw8Zm2+L9vBKEHJ2Rg+viTR7o5Mmv5mZcieN+FRYaAOWX5SJATX6k1PWz72g==",
      "requires": {
        "d3-color": "1 - 3"
      }
    },
    "d3-path": {
      "version": "3.1.0",
      "resolved": "https://registry.npmjs.org/d3-path/-/d3-path-3.1.0.tgz",
      "integrity": "sha512-p3KP5HCf/bvjBSSKuXid6Zqijx7wIfNW+J/maPs+iwR35at5JCbLUT0LzF1cnjbCHWhqzQTIN2Jpe8pRebIEFQ=="
    },
    "d3-quadtree": {
      "version": "3.0.1",
      "resolved": "https://registry.npmjs.org/d3-quadtree/-/d3-quadtree-3.0.1.tgz",
      "integrity": "sha512-04xDrxQTDTCFwP5H6hRhsRcb9xxv2RzkcsygFzmkSIOJy3PeRJP7sNk3VRIbKXcog561P9oU0/rVH6vDROAgUw=="
    },
    "d3-scale": {
      "version": "4.0.2",
      "resolved": "https://registry.npmjs.org/d3-scale/-/d3-scale-4.0.2.tgz",
      "integrity": "sha512-GZW464g1SH7ag3Y7hXjf8RoUuAFIqklOAq3MRl4OaWabTFJY9PN/E1YklhXLh+OQ3fM9yS2nOkCoS+WLZ6kvxQ==",
      "requires": {
        "d3-array": "2.10.0 - 3",
        "d3-format": "1 - 3",
        "d3-interpolate": "1.2.0 - 3",
        "d3-time": "2.1.1 - 3",
        "d3-time-format": "2 - 4"
      }
    },
    "d3-shape": {
      "version": "3.2.0",
      "resolved": "https://registry.npmjs.org/d3-shape/-/d3-shape-3.2.0.tgz",
      "integrity": "sha512-SaLBuwGm3MOViRq2ABk3eLoxwZELpH6zhl3FbAoJ7Vm1gofKx6El1Ib5z23NUEhF9AsGl7y+dzLe5Cw2AArGTA==",
      "requires": {
        "d3-path": "^3.1.0"
      }
    },
    "d3-time": {
      "version": "3.1.0",
      "resolved": "https://registry.npmjs.org/d3-time/-/d3-time-3.1.0.tgz",
      "integrity": "sha512-VqKjzBLejbSMT4IgbmVgDjpkYrNWUYJnbCGo874u7MMKIWsILRX+OpX/gTk8MqjpT1A/c6HY2dCA77ZN0lkQ2Q==",
      "requires": {
        "d3-array": "2 - 3"
      }
    },
    "d3-time-format": {
      "version": "4.1.0",
      "resolved": "https://registry.npmjs.org/d3-time-format/-/d3-time-format-4.1.0.tgz",
      "integrity": "sha512-dJxPBlzC7NugB2PDLwo9Q8JiTR3M3e4/XANkreKSUxF8vvXKqm1Yfq4Q5dl8budlunRVlUUaDUgFt7eA8D6NLg==",
      "requires": {
        "d3-time": "1 - 3"
      }
    },
    "d3-timer": {
      "version": "3.0.1",
      "resolved": "https://registry.npmjs.org/d3-timer/-/d3-timer-3.0.1.tgz",
      "integrity": "sha512-ndfJ/JxxMd3nw31uyKoY2naivF+r29V+Lc0svZxe1JvvIRmi8hUsrMvdOwgS1o6uBHmiz91geQ0ylPP0aj1VUA=="
    },
    "delaunator": {
      "version": "5.0.0",
      "resolved": "https://registry.npmjs.org/delaunator/-/delaunator-5.0.0.tgz",
      "integrity": "sha512-AyLvtyJdbv/U1GkiS6gUUzclRoAY4Gs75qkMygJJhU75LW4DNuSF2RMzpxs9jw9Oz1BobHjTdkG3zdP55VxAqw==",
      "requires": {
        "robust-predicates": "^3.0.0"
      }
    },
    "emoji-regex": {
      "version": "8.0.0",
      "resolved": "https://registry.npmjs.org/emoji-regex/-/emoji-regex-8.0.0.tgz",
      "integrity": "sha512-MSjYzcWNOA0ewAHpz0MxpYFvwg6yjy1NG3xteoqz644VCo/RPgnr1/GGt+ic3iJTzQ8Eu3TdM14SawnVUmGE6A=="
    },
    "escalade": {
      "version": "3.1.1",
      "resolved": "https://registry.npmjs.org/escalade/-/escalade-3.1.1.tgz",
      "integrity": "sha512-k0er2gUkLf8O0zKJiAhmkTnJlTvINGv7ygDNPbeIsX/TJjGJZHuh9B2UxbsaEkmlEo9MfhrSzmhIlhRlI2GXnw=="
    },
    "fast-deep-equal": {
      "version": "3.1.3",
      "resolved": "https://registry.npmjs.org/fast-deep-equal/-/fast-deep-equal-3.1.3.tgz",
      "integrity": "sha512-f3qQ9oQy9j2AhBe/H9VC91wLmKBCCU/gDOnKNAYG5hswO7BLKj09Hc5HYNz9cGI++xlpDCIgDaitVs03ATR84Q=="
    },
    "fast-json-patch": {
      "version": "3.0.0-1",
      "resolved": "https://registry.npmjs.org/fast-json-patch/-/fast-json-patch-3.0.0-1.tgz",
      "integrity": "sha512-6pdFb07cknxvPzCeLsFHStEy+MysPJPgZQ9LbQ/2O67unQF93SNqfdSqnPPl71YMHX+AD8gbl7iuoGFzHEdDuw=="
    },
    "fast-json-stable-stringify": {
      "version": "2.1.0",
      "resolved": "https://registry.npmjs.org/fast-json-stable-stringify/-/fast-json-stable-stringify-2.1.0.tgz",
      "integrity": "sha512-lhd/wF+Lk98HZoTCtlVraHtfh5XYijIjalXck7saUtuanSDyLMxnHhSXEDJqHxD7msR8D0uCmqlkwjCV8xvwHw=="
    },
    "get-caller-file": {
      "version": "2.0.5",
      "resolved": "https://registry.npmjs.org/get-caller-file/-/get-caller-file-2.0.5.tgz",
      "integrity": "sha512-DyFP3BM/3YHTQOCUL/w0OZHR0lpKeGrxotcHWcqNEdnltqFwXVfhEBQ94eIo34AfQpo0rGki4cyIiftY06h2Fg=="
    },
    "iconv-lite": {
      "version": "0.6.3",
      "resolved": "https://registry.npmjs.org/iconv-lite/-/iconv-lite-0.6.3.tgz",
      "integrity": "sha512-4fCk79wshMdzMp2rH06qWrJE4iolqLhCUH+OiuIgU++RB0+94NlDL81atO7GX55uUKueo0txHNtvEyI6D7WdMw==",
      "requires": {
        "safer-buffer": ">= 2.1.2 < 3.0.0"
      }
    },
    "internmap": {
      "version": "2.0.3",
      "resolved": "https://registry.npmjs.org/internmap/-/internmap-2.0.3.tgz",
      "integrity": "sha512-5Hh7Y1wQbvY5ooGgPbDaL5iYLAPzMTUrjMulskHLH6wnv/A+1q5rgEaiuqEjB+oxGXIVZs1FF+R/KPN3ZSQYYg=="
    },
    "is-fullwidth-code-point": {
      "version": "3.0.0",
      "resolved": "https://registry.npmjs.org/is-fullwidth-code-point/-/is-fullwidth-code-point-3.0.0.tgz",
      "integrity": "sha512-zymm5+u+sCsSWyD9qNaejV3DFvhCKclKdizYaJUuHA83RLjb7nSuGnddCHGv0hk+KY7BMAlsWeK4Ueg6EV6XQg=="
    },
    "json-stringify-pretty-compact": {
      "version": "2.0.0",
      "resolved": "https://registry.npmjs.org/json-stringify-pretty-compact/-/json-stringify-pretty-compact-2.0.0.tgz",
      "integrity": "sha512-WRitRfs6BGq4q8gTgOy4ek7iPFXjbra0H3PmDLKm2xnZ+Gh1HUhiKGgCZkSPNULlP7mvfu6FV/mOLhCarspADQ=="
    },
    "lru-cache": {
      "version": "6.0.0",
      "resolved": "https://registry.npmjs.org/lru-cache/-/lru-cache-6.0.0.tgz",
      "integrity": "sha512-Jo6dJ04CmSjuznwJSS3pUeWmd/H0ffTlkXXgwZi+eq1UCmqQwCh+eLsYOYCwY991i2Fah4h1BEMCx4qThGbsiA==",
      "requires": {
        "yallist": "^4.0.0"
      }
    },
    "node-fetch": {
      "version": "2.6.9",
      "resolved": "https://registry.npmjs.org/node-fetch/-/node-fetch-2.6.9.tgz",
      "integrity": "sha512-DJm/CJkZkRjKKj4Zi4BsKVZh3ValV5IR5s7LVZnW+6YMh0W1BfNA8XSs6DLMGYlId5F3KnA70uu2qepcR08Qqg==",
      "requires": {
        "whatwg-url": "^5.0.0"
      }
    },
    "require-directory": {
      "version": "2.1.1",
      "resolved": "https://registry.npmjs.org/require-directory/-/require-directory-2.1.1.tgz",
      "integrity": "sha1-jGStX9MNqxyXbiNE/+f3kqam30I="
    },
    "robust-predicates": {
      "version": "3.0.1",
      "resolved": "https://registry.npmjs.org/robust-predicates/-/robust-predicates-3.0.1.tgz",
      "integrity": "sha512-ndEIpszUHiG4HtDsQLeIuMvRsDnn8c8rYStabochtUeCvfuvNptb5TUbVD68LRAILPX7p9nqQGh4xJgn3EHS/g=="
    },
    "rw": {
      "version": "1.3.3",
      "resolved": "https://registry.npmjs.org/rw/-/rw-1.3.3.tgz",
      "integrity": "sha512-PdhdWy89SiZogBLaw42zdeqtRJ//zFd2PgQavcICDUgJT5oW10QCRKbJ6bg4r0/UY2M6BWd5tkxuGFRvCkgfHQ=="
    },
    "safer-buffer": {
      "version": "2.1.2",
      "resolved": "https://registry.npmjs.org/safer-buffer/-/safer-buffer-2.1.2.tgz",
      "integrity": "sha512-YZo3K82SD7Riyi0E1EQPojLz7kpepnSQI9IyPbHHg1XXXevb5dJI7tpyN2ADxGcQbHG7vcyRHk0cbwqcQriUtg=="
    },
    "semver": {
      "version": "7.3.4",
      "resolved": "https://registry.npmjs.org/semver/-/semver-7.3.4.tgz",
      "integrity": "sha512-tCfb2WLjqFAtXn4KEdxIhalnRtoKFN7nAwj0B3ZXCbQloV2tq5eDbcTmT68JJD3nRJq24/XgxtQKFIpQdtvmVw==",
      "requires": {
        "lru-cache": "^6.0.0"
      }
    },
    "string-width": {
      "version": "4.2.0",
      "resolved": "https://registry.npmjs.org/string-width/-/string-width-4.2.0.tgz",
      "integrity": "sha512-zUz5JD+tgqtuDjMhwIg5uFVV3dtqZ9yQJlZVfq4I01/K5Paj5UHj7VyrQOJvzawSVlKpObApbfD0Ed6yJc+1eg==",
      "requires": {
        "emoji-regex": "^8.0.0",
        "is-fullwidth-code-point": "^3.0.0",
        "strip-ansi": "^6.0.0"
      }
    },
    "strip-ansi": {
      "version": "6.0.0",
      "resolved": "https://registry.npmjs.org/strip-ansi/-/strip-ansi-6.0.0.tgz",
      "integrity": "sha512-AuvKTrTfQNYNIctbR1K/YGTR1756GycPsg7b9bdV9Duqur4gv6aKqHXah67Z8ImS7WEz5QVcOtlfW2rZEugt6w==",
      "requires": {
        "ansi-regex": "^5.0.0"
      }
    },
    "topojson-client": {
      "version": "3.1.0",
      "resolved": "https://registry.npmjs.org/topojson-client/-/topojson-client-3.1.0.tgz",
      "integrity": "sha512-605uxS6bcYxGXw9qi62XyrV6Q3xwbndjachmNxu8HWTtVPxZfEJN9fd/SZS1Q54Sn2y0TMyMxFj/cJINqGHrKw==",
      "requires": {
        "commander": "2"
      },
      "dependencies": {
        "commander": {
          "version": "2.20.3",
          "resolved": "https://registry.npmjs.org/commander/-/commander-2.20.3.tgz",
          "integrity": "sha512-GpVkmM8vF2vQUkj2LvZmD35JxeJOLCwJ9cUkugyk2nuhbv3+mJvpLYYt+0+USMxE+oj+ey/lJEnhZw75x/OMcQ=="
        }
      }
    },
    "tr46": {
      "version": "0.0.3",
      "resolved": "https://registry.npmjs.org/tr46/-/tr46-0.0.3.tgz",
      "integrity": "sha512-N3WMsuqV66lT30CrXNbEjx4GEwlow3v6rr4mCcv6prnfwhS01rkgyFdjPNBYd9br7LpXV1+Emh01fHnq2Gdgrw=="
    },
    "tslib": {
      "version": "2.0.3",
      "resolved": "https://registry.npmjs.org/tslib/-/tslib-2.0.3.tgz",
      "integrity": "sha512-uZtkfKblCEQtZKBF6EBXVZeQNl82yqtDQdv+eck8u7tdPxjLu2/lp5/uPW+um2tpuxINHWy3GhiccY7QgEaVHQ=="
    },
    "vega": {
      "version": "5.23.0",
      "resolved": "https://registry.npmjs.org/vega/-/vega-5.23.0.tgz",
      "integrity": "sha512-FjgDD/VmL9yl36ByLq66mEusDF/wZGRktK4JA5MkF68hQqj3F8BFMDDVNwCASuwY97H6wr7kw/RFqNI6XocjJQ==",
      "requires": {
        "vega-crossfilter": "~4.1.1",
        "vega-dataflow": "~5.7.5",
        "vega-encode": "~4.9.1",
        "vega-event-selector": "~3.0.1",
        "vega-expression": "~5.0.1",
        "vega-force": "~4.1.1",
        "vega-format": "~1.1.1",
        "vega-functions": "~5.13.1",
        "vega-geo": "~4.4.1",
        "vega-hierarchy": "~4.1.1",
        "vega-label": "~1.2.1",
        "vega-loader": "~4.5.1",
        "vega-parser": "~6.2.0",
        "vega-projection": "~1.6.0",
        "vega-regression": "~1.1.1",
        "vega-runtime": "~6.1.4",
        "vega-scale": "~7.3.0",
        "vega-scenegraph": "~4.10.2",
        "vega-statistics": "~1.8.1",
        "vega-time": "~2.1.1",
        "vega-transforms": "~4.10.1",
        "vega-typings": "~0.23.0",
        "vega-util": "~1.17.1",
        "vega-view": "~5.11.1",
        "vega-view-transforms": "~4.5.9",
        "vega-voronoi": "~4.2.1",
        "vega-wordcloud": "~4.1.4"
      },
      "dependencies": {
        "vega-event-selector": {
          "version": "3.0.1",
          "resolved": "https://registry.npmjs.org/vega-event-selector/-/vega-event-selector-3.0.1.tgz",
          "integrity": "sha512-K5zd7s5tjr1LiOOkjGpcVls8GsH/f2CWCrWcpKy74gTCp+llCdwz0Enqo013ZlGaRNjfgD/o1caJRt3GSaec4A=="
        },
        "vega-util": {
          "version": "1.17.1",
          "resolved": "https://registry.npmjs.org/vega-util/-/vega-util-1.17.1.tgz",
          "integrity": "sha512-ToPkWoBdP6awoK+bnYaFhgdqZhsNwKxWbuMnFell+4K/Cb6Q1st5Pi9I7iI5Y6n5ZICDDsd6eL7/IhBjEg1NUQ=="
        }
      }
    },
    "vega-canvas": {
      "version": "1.2.7",
      "resolved": "https://registry.npmjs.org/vega-canvas/-/vega-canvas-1.2.7.tgz",
      "integrity": "sha512-OkJ9CACVcN9R5Pi9uF6MZBF06pO6qFpDYHWSKBJsdHP5o724KrsgR6UvbnXFH82FdsiTOff/HqjuaG8C7FL+9Q=="
    },
    "vega-crossfilter": {
      "version": "4.1.1",
      "resolved": "https://registry.npmjs.org/vega-crossfilter/-/vega-crossfilter-4.1.1.tgz",
      "integrity": "sha512-yesvlMcwRwxrtAd9IYjuxWJJuAMI0sl7JvAFfYtuDkkGDtqfLXUcCzHIATqW6igVIE7tWwGxnbfvQLhLNgK44Q==",
      "requires": {
        "d3-array": "^3.2.2",
        "vega-dataflow": "^5.7.5",
        "vega-util": "^1.17.1"
      },
      "dependencies": {
        "vega-util": {
          "version": "1.17.1",
          "resolved": "https://registry.npmjs.org/vega-util/-/vega-util-1.17.1.tgz",
          "integrity": "sha512-ToPkWoBdP6awoK+bnYaFhgdqZhsNwKxWbuMnFell+4K/Cb6Q1st5Pi9I7iI5Y6n5ZICDDsd6eL7/IhBjEg1NUQ=="
        }
      }
    },
    "vega-dataflow": {
      "version": "5.7.5",
      "resolved": "https://registry.npmjs.org/vega-dataflow/-/vega-dataflow-5.7.5.tgz",
      "integrity": "sha512-EdsIl6gouH67+8B0f22Owr2tKDiMPNNR8lEvJDcxmFw02nXd8juimclpLvjPQriqn6ta+3Dn5txqfD117H04YA==",
      "requires": {
        "vega-format": "^1.1.1",
        "vega-loader": "^4.5.1",
        "vega-util": "^1.17.1"
      },
      "dependencies": {
        "vega-util": {
          "version": "1.17.1",
          "resolved": "https://registry.npmjs.org/vega-util/-/vega-util-1.17.1.tgz",
          "integrity": "sha512-ToPkWoBdP6awoK+bnYaFhgdqZhsNwKxWbuMnFell+4K/Cb6Q1st5Pi9I7iI5Y6n5ZICDDsd6eL7/IhBjEg1NUQ=="
        }
      }
    },
    "vega-embed": {
      "version": "6.15.1",
      "resolved": "https://registry.npmjs.org/vega-embed/-/vega-embed-6.15.1.tgz",
      "integrity": "sha512-2ZCc4lVwK8O0cVisdizuYaZQZoc3ZUnB+qlTFEu2ch6mP+RO7mghqa0JQmwHs1tXUZyL20GAoWtK47oKC9DxUw==",
      "requires": {
        "fast-json-patch": "^3.0.0-1",
        "json-stringify-pretty-compact": "^2.0.0",
        "semver": "^7.3.4",
        "vega-schema-url-parser": "^2.1.0",
        "vega-themes": "^2.9.1",
        "vega-tooltip": "^0.25.0"
      }
    },
    "vega-encode": {
      "version": "4.9.1",
      "resolved": "https://registry.npmjs.org/vega-encode/-/vega-encode-4.9.1.tgz",
      "integrity": "sha512-05JB47UZaqIBS9t6rtHI/aKjEuH4EsSIH+wJWItht4BFj33eIl4XRNtlXdE31uuQT2pXWz5ZWW3KboMuaFzKLw==",
      "requires": {
        "d3-array": "^3.2.2",
        "d3-interpolate": "^3.0.1",
        "vega-dataflow": "^5.7.5",
        "vega-scale": "^7.3.0",
        "vega-util": "^1.17.1"
      },
      "dependencies": {
        "vega-util": {
          "version": "1.17.1",
          "resolved": "https://registry.npmjs.org/vega-util/-/vega-util-1.17.1.tgz",
          "integrity": "sha512-ToPkWoBdP6awoK+bnYaFhgdqZhsNwKxWbuMnFell+4K/Cb6Q1st5Pi9I7iI5Y6n5ZICDDsd6eL7/IhBjEg1NUQ=="
        }
      }
    },
    "vega-event-selector": {
      "version": "2.0.6",
      "resolved": "https://registry.npmjs.org/vega-event-selector/-/vega-event-selector-2.0.6.tgz",
      "integrity": "sha512-UwCu50Sqd8kNZ1X/XgiAY+QAyQUmGFAwyDu7y0T5fs6/TPQnDo/Bo346NgSgINBEhEKOAMY1Nd/rPOk4UEm/ew=="
    },
    "vega-expression": {
      "version": "5.0.1",
      "resolved": "https://registry.npmjs.org/vega-expression/-/vega-expression-5.0.1.tgz",
      "integrity": "sha512-atfzrMekrcsuyUgZCMklI5ki8cV763aeo1Y6YrfYU7FBwcQEoFhIV/KAJ1vae51aPDGtfzvwbtVIo3WShFCP2Q==",
      "requires": {
        "@types/estree": "^1.0.0",
        "vega-util": "^1.17.1"
      },
      "dependencies": {
        "vega-util": {
          "version": "1.17.1",
          "resolved": "https://registry.npmjs.org/vega-util/-/vega-util-1.17.1.tgz",
          "integrity": "sha512-ToPkWoBdP6awoK+bnYaFhgdqZhsNwKxWbuMnFell+4K/Cb6Q1st5Pi9I7iI5Y6n5ZICDDsd6eL7/IhBjEg1NUQ=="
        }
      }
    },
    "vega-force": {
      "version": "4.1.1",
      "resolved": "https://registry.npmjs.org/vega-force/-/vega-force-4.1.1.tgz",
      "integrity": "sha512-T6fJAUz9zdXf2qj2Hz0VlmdtaY7eZfcKNazhUV8hza4R3F9ug6r/hSrdovfc9ExmbUjL5iyvDUsf63r8K3/wVQ==",
      "requires": {
        "d3-force": "^3.0.0",
        "vega-dataflow": "^5.7.5",
        "vega-util": "^1.17.1"
      },
      "dependencies": {
        "vega-util": {
          "version": "1.17.1",
          "resolved": "https://registry.npmjs.org/vega-util/-/vega-util-1.17.1.tgz",
          "integrity": "sha512-ToPkWoBdP6awoK+bnYaFhgdqZhsNwKxWbuMnFell+4K/Cb6Q1st5Pi9I7iI5Y6n5ZICDDsd6eL7/IhBjEg1NUQ=="
        }
      }
    },
    "vega-format": {
      "version": "1.1.1",
      "resolved": "https://registry.npmjs.org/vega-format/-/vega-format-1.1.1.tgz",
      "integrity": "sha512-Rll7YgpYbsgaAa54AmtEWrxaJqgOh5fXlvM2wewO4trb9vwM53KBv4Q/uBWCLK3LLGeBXIF6gjDt2LFuJAUtkQ==",
      "requires": {
        "d3-array": "^3.2.2",
        "d3-format": "^3.1.0",
        "d3-time-format": "^4.1.0",
        "vega-time": "^2.1.1",
        "vega-util": "^1.17.1"
      },
      "dependencies": {
        "vega-util": {
          "version": "1.17.1",
          "resolved": "https://registry.npmjs.org/vega-util/-/vega-util-1.17.1.tgz",
          "integrity": "sha512-ToPkWoBdP6awoK+bnYaFhgdqZhsNwKxWbuMnFell+4K/Cb6Q1st5Pi9I7iI5Y6n5ZICDDsd6eL7/IhBjEg1NUQ=="
        }
      }
    },
    "vega-functions": {
      "version": "5.13.1",
      "resolved": "https://registry.npmjs.org/vega-functions/-/vega-functions-5.13.1.tgz",
      "integrity": "sha512-0LhntimnvBl4VzRO/nkCwCTbtaP8bE552galKQbCg88GDxdmcmlsoTCwUzG0vZ/qmNM3IbqnP5k5/um3zwFqLw==",
      "requires": {
        "d3-array": "^3.2.2",
        "d3-color": "^3.1.0",
        "d3-geo": "^3.1.0",
        "vega-dataflow": "^5.7.5",
        "vega-expression": "^5.0.1",
        "vega-scale": "^7.3.0",
        "vega-scenegraph": "^4.10.2",
        "vega-selections": "^5.4.1",
        "vega-statistics": "^1.8.1",
        "vega-time": "^2.1.1",
        "vega-util": "^1.17.1"
      },
      "dependencies": {
        "vega-util": {
          "version": "1.17.1",
          "resolved": "https://registry.npmjs.org/vega-util/-/vega-util-1.17.1.tgz",
          "integrity": "sha512-ToPkWoBdP6awoK+bnYaFhgdqZhsNwKxWbuMnFell+4K/Cb6Q1st5Pi9I7iI5Y6n5ZICDDsd6eL7/IhBjEg1NUQ=="
        }
      }
    },
    "vega-geo": {
      "version": "4.4.1",
      "resolved": "https://registry.npmjs.org/vega-geo/-/vega-geo-4.4.1.tgz",
      "integrity": "sha512-s4WeZAL5M3ZUV27/eqSD3v0FyJz3PlP31XNSLFy4AJXHxHUeXT3qLiDHoVQnW5Om+uBCPDtTT1ROx1smGIf2aA==",
      "requires": {
        "d3-array": "^3.2.2",
        "d3-color": "^3.1.0",
        "d3-geo": "^3.1.0",
        "vega-canvas": "^1.2.7",
        "vega-dataflow": "^5.7.5",
        "vega-projection": "^1.6.0",
        "vega-statistics": "^1.8.1",
        "vega-util": "^1.17.1"
      },
      "dependencies": {
        "vega-util": {
          "version": "1.17.1",
          "resolved": "https://registry.npmjs.org/vega-util/-/vega-util-1.17.1.tgz",
          "integrity": "sha512-ToPkWoBdP6awoK+bnYaFhgdqZhsNwKxWbuMnFell+4K/Cb6Q1st5Pi9I7iI5Y6n5ZICDDsd6eL7/IhBjEg1NUQ=="
        }
      }
    },
    "vega-hierarchy": {
      "version": "4.1.1",
      "resolved": "https://registry.npmjs.org/vega-hierarchy/-/vega-hierarchy-4.1.1.tgz",
      "integrity": "sha512-h5mbrDtPKHBBQ9TYbvEb/bCqmGTlUX97+4CENkyH21tJs7naza319B15KRK0NWOHuhbGhFmF8T0696tg+2c8XQ==",
      "requires": {
        "d3-hierarchy": "^3.1.2",
        "vega-dataflow": "^5.7.5",
        "vega-util": "^1.17.1"
      },
      "dependencies": {
        "vega-util": {
          "version": "1.17.1",
          "resolved": "https://registry.npmjs.org/vega-util/-/vega-util-1.17.1.tgz",
          "integrity": "sha512-ToPkWoBdP6awoK+bnYaFhgdqZhsNwKxWbuMnFell+4K/Cb6Q1st5Pi9I7iI5Y6n5ZICDDsd6eL7/IhBjEg1NUQ=="
        }
      }
    },
    "vega-label": {
      "version": "1.2.1",
      "resolved": "https://registry.npmjs.org/vega-label/-/vega-label-1.2.1.tgz",
      "integrity": "sha512-n/ackJ5lc0Xs9PInCaGumYn2awomPjJ87EMVT47xNgk2bHmJoZV1Ve/1PUM6Eh/KauY211wPMrNp/9Im+7Ripg==",
      "requires": {
        "vega-canvas": "^1.2.6",
        "vega-dataflow": "^5.7.3",
        "vega-scenegraph": "^4.9.2",
        "vega-util": "^1.15.2"
      }
    },
    "vega-lite": {
      "version": "4.17.0",
      "resolved": "https://registry.npmjs.org/vega-lite/-/vega-lite-4.17.0.tgz",
      "integrity": "sha512-MO2XsaVZqx6iWWmVA5vwYFamvhRUsKfVp7n0pNlkZ2/21cuxelSl92EePZ2YGmzL6z4/3K7r/45zaG8p+qNHeg==",
      "requires": {
        "@types/clone": "~2.1.0",
        "@types/fast-json-stable-stringify": "^2.0.0",
        "array-flat-polyfill": "^1.0.1",
        "clone": "~2.1.2",
        "fast-deep-equal": "~3.1.3",
        "fast-json-stable-stringify": "~2.1.0",
        "json-stringify-pretty-compact": "~2.0.0",
        "tslib": "~2.0.3",
        "vega-event-selector": "~2.0.6",
        "vega-expression": "~3.0.0",
        "vega-util": "~1.16.0",
        "yargs": "~16.0.3"
      },
      "dependencies": {
        "vega-expression": {
          "version": "3.0.1",
          "resolved": "https://registry.npmjs.org/vega-expression/-/vega-expression-3.0.1.tgz",
          "integrity": "sha512-+UwOFEkBnAWo8Zud6i8O4Pd2W6QqmPUOaAhjNtj0OxRL+d+Duoy7M4edUDZ+YuoUcMnjjBFfDQu7oRAA1fIMEQ==",
          "requires": {
            "vega-util": "^1.15.2"
          }
        }
      }
    },
    "vega-loader": {
      "version": "4.5.1",
      "resolved": "https://registry.npmjs.org/vega-loader/-/vega-loader-4.5.1.tgz",
      "integrity": "sha512-qy5x32SaT0YkEujQM2yKqvLGV9XWQ2aEDSugBFTdYzu/1u4bxdUSRDREOlrJ9Km3RWIOgFiCkobPmFxo47SKuA==",
      "requires": {
        "d3-dsv": "^3.0.1",
        "node-fetch": "^2.6.7",
        "topojson-client": "^3.1.0",
        "vega-format": "^1.1.1",
        "vega-util": "^1.17.1"
      },
      "dependencies": {
        "vega-util": {
          "version": "1.17.1",
          "resolved": "https://registry.npmjs.org/vega-util/-/vega-util-1.17.1.tgz",
          "integrity": "sha512-ToPkWoBdP6awoK+bnYaFhgdqZhsNwKxWbuMnFell+4K/Cb6Q1st5Pi9I7iI5Y6n5ZICDDsd6eL7/IhBjEg1NUQ=="
        }
      }
    },
    "vega-parser": {
      "version": "6.2.0",
      "resolved": "https://registry.npmjs.org/vega-parser/-/vega-parser-6.2.0.tgz",
      "integrity": "sha512-as+QnX8Qxe9q51L1C2sVBd+YYYctP848+zEvkBT2jlI2g30aZ6Uv7sKsq7QTL6DUbhXQKR0XQtzlanckSFdaOQ==",
      "requires": {
        "vega-dataflow": "^5.7.5",
        "vega-event-selector": "^3.0.1",
        "vega-functions": "^5.13.1",
        "vega-scale": "^7.3.0",
        "vega-util": "^1.17.1"
      },
      "dependencies": {
        "vega-event-selector": {
          "version": "3.0.1",
          "resolved": "https://registry.npmjs.org/vega-event-selector/-/vega-event-selector-3.0.1.tgz",
          "integrity": "sha512-K5zd7s5tjr1LiOOkjGpcVls8GsH/f2CWCrWcpKy74gTCp+llCdwz0Enqo013ZlGaRNjfgD/o1caJRt3GSaec4A=="
        },
        "vega-util": {
          "version": "1.17.1",
          "resolved": "https://registry.npmjs.org/vega-util/-/vega-util-1.17.1.tgz",
          "integrity": "sha512-ToPkWoBdP6awoK+bnYaFhgdqZhsNwKxWbuMnFell+4K/Cb6Q1st5Pi9I7iI5Y6n5ZICDDsd6eL7/IhBjEg1NUQ=="
        }
      }
    },
    "vega-projection": {
      "version": "1.6.0",
      "resolved": "https://registry.npmjs.org/vega-projection/-/vega-projection-1.6.0.tgz",
      "integrity": "sha512-LGUaO/kpOEYuTlul+x+lBzyuL9qmMwP1yShdUWYLW+zXoeyGbs5OZW+NbPPwLYqJr5lpXDr/vGztFuA/6g2xvQ==",
      "requires": {
        "d3-geo": "^3.1.0",
        "d3-geo-projection": "^4.0.0",
        "vega-scale": "^7.3.0"
      }
    },
    "vega-regression": {
      "version": "1.1.1",
      "resolved": "https://registry.npmjs.org/vega-regression/-/vega-regression-1.1.1.tgz",
      "integrity": "sha512-98i/z0vdDhOIEhJUdYoJ2nlfVdaHVp2CKB39Qa7G/XyRw0+QwDFFrp8ZRec2xHjHfb6bYLGNeh1pOsC13FelJg==",
      "requires": {
        "d3-array": "^3.2.2",
        "vega-dataflow": "^5.7.3",
        "vega-statistics": "^1.7.9",
        "vega-util": "^1.15.2"
      }
    },
    "vega-runtime": {
      "version": "6.1.4",
      "resolved": "https://registry.npmjs.org/vega-runtime/-/vega-runtime-6.1.4.tgz",
      "integrity": "sha512-0dDYXyFLQcxPQ2OQU0WuBVYLRZnm+/CwVu6i6N4idS7R9VXIX5581EkCh3pZ20pQ/+oaA7oJ0pR9rJgJ6rukRQ==",
      "requires": {
        "vega-dataflow": "^5.7.5",
        "vega-util": "^1.17.1"
      },
      "dependencies": {
        "vega-util": {
          "version": "1.17.1",
          "resolved": "https://registry.npmjs.org/vega-util/-/vega-util-1.17.1.tgz",
          "integrity": "sha512-ToPkWoBdP6awoK+bnYaFhgdqZhsNwKxWbuMnFell+4K/Cb6Q1st5Pi9I7iI5Y6n5ZICDDsd6eL7/IhBjEg1NUQ=="
        }
      }
    },
    "vega-scale": {
      "version": "7.3.0",
      "resolved": "https://registry.npmjs.org/vega-scale/-/vega-scale-7.3.0.tgz",
      "integrity": "sha512-pMOAI2h+e1z7lsqKG+gMfR6NKN2sTcyjZbdJwntooW0uFHwjLGjMSY7kSd3nSEquF0HQ8qF7zR6gs1eRwlGimw==",
      "requires": {
        "d3-array": "^3.2.2",
        "d3-interpolate": "^3.0.1",
        "d3-scale": "^4.0.2",
        "vega-time": "^2.1.1",
        "vega-util": "^1.17.1"
      },
      "dependencies": {
        "vega-util": {
          "version": "1.17.1",
          "resolved": "https://registry.npmjs.org/vega-util/-/vega-util-1.17.1.tgz",
          "integrity": "sha512-ToPkWoBdP6awoK+bnYaFhgdqZhsNwKxWbuMnFell+4K/Cb6Q1st5Pi9I7iI5Y6n5ZICDDsd6eL7/IhBjEg1NUQ=="
        }
      }
    },
    "vega-scenegraph": {
      "version": "4.10.2",
      "resolved": "https://registry.npmjs.org/vega-scenegraph/-/vega-scenegraph-4.10.2.tgz",
      "integrity": "sha512-R8m6voDZO5+etwNMcXf45afVM3XAtokMqxuDyddRl9l1YqSJfS+3u8hpolJ50c2q6ZN20BQiJwKT1o0bB7vKkA==",
      "requires": {
        "d3-path": "^3.1.0",
        "d3-shape": "^3.2.0",
        "vega-canvas": "^1.2.7",
        "vega-loader": "^4.5.1",
        "vega-scale": "^7.3.0",
        "vega-util": "^1.17.1"
      },
      "dependencies": {
        "vega-util": {
          "version": "1.17.1",
          "resolved": "https://registry.npmjs.org/vega-util/-/vega-util-1.17.1.tgz",
          "integrity": "sha512-ToPkWoBdP6awoK+bnYaFhgdqZhsNwKxWbuMnFell+4K/Cb6Q1st5Pi9I7iI5Y6n5ZICDDsd6eL7/IhBjEg1NUQ=="
        }
      }
    },
    "vega-schema-url-parser": {
      "version": "2.1.0",
      "resolved": "https://registry.npmjs.org/vega-schema-url-parser/-/vega-schema-url-parser-2.1.0.tgz",
      "integrity": "sha512-JHT1PfOyVzOohj89uNunLPirs05Nf59isPT5gnwIkJph96rRgTIBJE7l7yLqndd7fLjr3P8JXHGAryRp74sCaQ=="
    },
    "vega-selections": {
      "version": "5.4.1",
      "resolved": "https://registry.npmjs.org/vega-selections/-/vega-selections-5.4.1.tgz",
      "integrity": "sha512-EtYc4DvA+wXqBg9tq+kDomSoVUPCmQfS7hUxy2qskXEed79YTimt3Hcl1e1fW226I4AVDBEqTTKebmKMzbSgAA==",
      "requires": {
        "d3-array": "3.2.2",
        "vega-expression": "^5.0.1",
        "vega-util": "^1.17.1"
      },
      "dependencies": {
        "vega-util": {
          "version": "1.17.1",
          "resolved": "https://registry.npmjs.org/vega-util/-/vega-util-1.17.1.tgz",
          "integrity": "sha512-ToPkWoBdP6awoK+bnYaFhgdqZhsNwKxWbuMnFell+4K/Cb6Q1st5Pi9I7iI5Y6n5ZICDDsd6eL7/IhBjEg1NUQ=="
        }
      }
    },
    "vega-statistics": {
      "version": "1.8.1",
      "resolved": "https://registry.npmjs.org/vega-statistics/-/vega-statistics-1.8.1.tgz",
      "integrity": "sha512-eRR3LZBusnTXUkc/uunAvWi1PjCJK+Ba4vFvEISc5Iv5xF4Aw2cBhEz1obEt6ID5fGVCTAl0E1LOSFxubS89hQ==",
      "requires": {
        "d3-array": "^3.2.2"
      }
    },
    "vega-themes": {
      "version": "2.9.1",
      "resolved": "https://registry.npmjs.org/vega-themes/-/vega-themes-2.9.1.tgz",
      "integrity": "sha512-N6GU8u1EpfqxswXpBKLYouD3gYGfvrKWTC07JSrnlvGUzKzXMPDm4fN8FP8+cBpTwBL6JDZBd86A1Haea/nTfQ=="
    },
    "vega-time": {
      "version": "2.1.1",
      "resolved": "https://registry.npmjs.org/vega-time/-/vega-time-2.1.1.tgz",
      "integrity": "sha512-z1qbgyX0Af2kQSGFbApwBbX2meenGvsoX8Nga8uyWN8VIbiySo/xqizz1KrP6NbB6R+x5egKmkjdnyNThPeEWA==",
      "requires": {
        "d3-array": "^3.2.2",
        "d3-time": "^3.1.0",
        "vega-util": "^1.17.1"
      },
      "dependencies": {
        "vega-util": {
          "version": "1.17.1",
          "resolved": "https://registry.npmjs.org/vega-util/-/vega-util-1.17.1.tgz",
          "integrity": "sha512-ToPkWoBdP6awoK+bnYaFhgdqZhsNwKxWbuMnFell+4K/Cb6Q1st5Pi9I7iI5Y6n5ZICDDsd6eL7/IhBjEg1NUQ=="
        }
      }
    },
    "vega-tooltip": {
      "version": "0.25.0",
      "resolved": "https://registry.npmjs.org/vega-tooltip/-/vega-tooltip-0.25.0.tgz",
      "integrity": "sha512-S48d/eP6WfieLmUvFEjd+raHWKKeK/RfTlwLa3zGcBULDHJY2NU2vRfjC1x33G6Y7eKeAfqGpM6ER5Qt1nf8tA==",
      "requires": {
        "vega-util": "^1.15.2"
      }
    },
    "vega-transforms": {
      "version": "4.10.1",
      "resolved": "https://registry.npmjs.org/vega-transforms/-/vega-transforms-4.10.1.tgz",
      "integrity": "sha512-0uWrUZaYl8kjWrGbvPOQSKk6kcNXQFY9moME+bUmkADAvFptphCGbaEIn/nSsG6uCxj8E3rqKmKfjSWdU5yOqA==",
      "requires": {
        "d3-array": "^3.2.2",
        "vega-dataflow": "^5.7.5",
        "vega-statistics": "^1.8.1",
        "vega-time": "^2.1.1",
        "vega-util": "^1.17.1"
      },
      "dependencies": {
        "vega-util": {
          "version": "1.17.1",
          "resolved": "https://registry.npmjs.org/vega-util/-/vega-util-1.17.1.tgz",
          "integrity": "sha512-ToPkWoBdP6awoK+bnYaFhgdqZhsNwKxWbuMnFell+4K/Cb6Q1st5Pi9I7iI5Y6n5ZICDDsd6eL7/IhBjEg1NUQ=="
        }
      }
    },
    "vega-typings": {
      "version": "0.23.0",
      "resolved": "https://registry.npmjs.org/vega-typings/-/vega-typings-0.23.0.tgz",
      "integrity": "sha512-10ZRRGoUZoQLS5jMiIFhSZMDc3UkPhDP2VMUN/oHZXElvPCGjfjvgmiC6XzvvN4sRXdccMcZX1lZPoyYPERVkA==",
      "requires": {
        "@types/geojson": "^7946.0.10",
        "vega-event-selector": "^3.0.1",
        "vega-expression": "^5.0.1",
        "vega-util": "^1.17.1"
      },
      "dependencies": {
        "vega-event-selector": {
          "version": "3.0.1",
          "resolved": "https://registry.npmjs.org/vega-event-selector/-/vega-event-selector-3.0.1.tgz",
          "integrity": "sha512-K5zd7s5tjr1LiOOkjGpcVls8GsH/f2CWCrWcpKy74gTCp+llCdwz0Enqo013ZlGaRNjfgD/o1caJRt3GSaec4A=="
        },
        "vega-util": {
          "version": "1.17.1",
          "resolved": "https://registry.npmjs.org/vega-util/-/vega-util-1.17.1.tgz",
          "integrity": "sha512-ToPkWoBdP6awoK+bnYaFhgdqZhsNwKxWbuMnFell+4K/Cb6Q1st5Pi9I7iI5Y6n5ZICDDsd6eL7/IhBjEg1NUQ=="
        }
      }
    },
    "vega-util": {
      "version": "1.16.0",
      "resolved": "https://registry.npmjs.org/vega-util/-/vega-util-1.16.0.tgz",
      "integrity": "sha512-6mmz6mI+oU4zDMeKjgvE2Fjz0Oh6zo6WGATcvCfxH2gXBzhBHmy5d25uW5Zjnkc6QBXSWPLV9Xa6SiqMsrsKog=="
    },
    "vega-view": {
      "version": "5.11.1",
      "resolved": "https://registry.npmjs.org/vega-view/-/vega-view-5.11.1.tgz",
      "integrity": "sha512-RoWxuoEMI7xVQJhPqNeLEHCezudsf3QkVMhH5tCovBqwBADQGqq9iWyax3ZzdyX1+P3eBgm7cnLvpqtN2hU8kA==",
      "requires": {
        "d3-array": "^3.2.2",
        "d3-timer": "^3.0.1",
        "vega-dataflow": "^5.7.5",
        "vega-format": "^1.1.1",
        "vega-functions": "^5.13.1",
        "vega-runtime": "^6.1.4",
        "vega-scenegraph": "^4.10.2",
        "vega-util": "^1.17.1"
      },
      "dependencies": {
        "vega-util": {
          "version": "1.17.1",
          "resolved": "https://registry.npmjs.org/vega-util/-/vega-util-1.17.1.tgz",
          "integrity": "sha512-ToPkWoBdP6awoK+bnYaFhgdqZhsNwKxWbuMnFell+4K/Cb6Q1st5Pi9I7iI5Y6n5ZICDDsd6eL7/IhBjEg1NUQ=="
        }
      }
    },
    "vega-view-transforms": {
      "version": "4.5.9",
      "resolved": "https://registry.npmjs.org/vega-view-transforms/-/vega-view-transforms-4.5.9.tgz",
      "integrity": "sha512-NxEq4ZD4QwWGRrl2yDLnBRXM9FgCI+vvYb3ZC2+nVDtkUxOlEIKZsMMw31op5GZpfClWLbjCT3mVvzO2xaTF+g==",
      "requires": {
        "vega-dataflow": "^5.7.5",
        "vega-scenegraph": "^4.10.2",
        "vega-util": "^1.17.1"
      },
      "dependencies": {
        "vega-util": {
          "version": "1.17.1",
          "resolved": "https://registry.npmjs.org/vega-util/-/vega-util-1.17.1.tgz",
          "integrity": "sha512-ToPkWoBdP6awoK+bnYaFhgdqZhsNwKxWbuMnFell+4K/Cb6Q1st5Pi9I7iI5Y6n5ZICDDsd6eL7/IhBjEg1NUQ=="
        }
      }
    },
    "vega-voronoi": {
      "version": "4.2.1",
      "resolved": "https://registry.npmjs.org/vega-voronoi/-/vega-voronoi-4.2.1.tgz",
      "integrity": "sha512-zzi+fxU/SBad4irdLLsG3yhZgXWZezraGYVQfZFWe8kl7W/EHUk+Eqk/eetn4bDeJ6ltQskX+UXH3OP5Vh0Q0Q==",
      "requires": {
        "d3-delaunay": "^6.0.2",
        "vega-dataflow": "^5.7.5",
        "vega-util": "^1.17.1"
      },
      "dependencies": {
        "vega-util": {
          "version": "1.17.1",
          "resolved": "https://registry.npmjs.org/vega-util/-/vega-util-1.17.1.tgz",
          "integrity": "sha512-ToPkWoBdP6awoK+bnYaFhgdqZhsNwKxWbuMnFell+4K/Cb6Q1st5Pi9I7iI5Y6n5ZICDDsd6eL7/IhBjEg1NUQ=="
        }
      }
    },
    "vega-wordcloud": {
      "version": "4.1.4",
      "resolved": "https://registry.npmjs.org/vega-wordcloud/-/vega-wordcloud-4.1.4.tgz",
      "integrity": "sha512-oeZLlnjiusLAU5vhk0IIdT5QEiJE0x6cYoGNq1th+EbwgQp153t4r026fcib9oq15glHFOzf81a8hHXHSJm1Jw==",
      "requires": {
        "vega-canvas": "^1.2.7",
        "vega-dataflow": "^5.7.5",
        "vega-scale": "^7.3.0",
        "vega-statistics": "^1.8.1",
        "vega-util": "^1.17.1"
      },
      "dependencies": {
        "vega-util": {
          "version": "1.17.1",
          "resolved": "https://registry.npmjs.org/vega-util/-/vega-util-1.17.1.tgz",
          "integrity": "sha512-ToPkWoBdP6awoK+bnYaFhgdqZhsNwKxWbuMnFell+4K/Cb6Q1st5Pi9I7iI5Y6n5ZICDDsd6eL7/IhBjEg1NUQ=="
        }
      }
    },
    "webidl-conversions": {
      "version": "3.0.1",
      "resolved": "https://registry.npmjs.org/webidl-conversions/-/webidl-conversions-3.0.1.tgz",
      "integrity": "sha512-2JAn3z8AR6rjK8Sm8orRC0h/bcl/DqL7tRPdGZ4I1CjdF+EaMLmYxBHyXuKL849eucPFhvBoxMsflfOb8kxaeQ=="
    },
    "whatwg-url": {
      "version": "5.0.0",
      "resolved": "https://registry.npmjs.org/whatwg-url/-/whatwg-url-5.0.0.tgz",
      "integrity": "sha512-saE57nupxk6v3HY35+jzBwYa0rKSy0XR8JSxZPwgLr7ys0IBzhGviA1/TUGJLmSVqs8pb9AnvICXEuOHLprYTw==",
      "requires": {
        "tr46": "~0.0.3",
        "webidl-conversions": "^3.0.0"
      }
    },
    "wrap-ansi": {
      "version": "7.0.0",
      "resolved": "https://registry.npmjs.org/wrap-ansi/-/wrap-ansi-7.0.0.tgz",
      "integrity": "sha512-YVGIj2kamLSTxw6NsZjoBxfSwsn0ycdesmc4p+Q21c5zPuZ1pl+NfxVdxPtdHvmNVOQ6XSYG4AUtyt/Fi7D16Q==",
      "requires": {
        "ansi-styles": "^4.0.0",
        "string-width": "^4.1.0",
        "strip-ansi": "^6.0.0"
      }
    },
    "y18n": {
      "version": "5.0.5",
      "resolved": "https://registry.npmjs.org/y18n/-/y18n-5.0.5.tgz",
      "integrity": "sha512-hsRUr4FFrvhhRH12wOdfs38Gy7k2FFzB9qgN9v3aLykRq0dRcdcpz5C9FxdS2NuhOrI/628b/KSTJ3rwHysYSg=="
    },
    "yallist": {
      "version": "4.0.0",
      "resolved": "https://registry.npmjs.org/yallist/-/yallist-4.0.0.tgz",
      "integrity": "sha512-3wdGidZyq5PB084XLES5TpOSRA3wjXAlIWMhum2kRcv/41Sn2emQ0dycQW4uZXLejwKvg6EsvbdlVL+FYEct7A=="
    },
    "yargs": {
      "version": "16.0.3",
      "resolved": "https://registry.npmjs.org/yargs/-/yargs-16.0.3.tgz",
      "integrity": "sha512-6+nLw8xa9uK1BOEOykaiYAJVh6/CjxWXK/q9b5FpRgNslt8s22F2xMBqVIKgCRjNgGvGPBy8Vog7WN7yh4amtA==",
      "requires": {
        "cliui": "^7.0.0",
        "escalade": "^3.0.2",
        "get-caller-file": "^2.0.5",
        "require-directory": "^2.1.1",
        "string-width": "^4.2.0",
        "y18n": "^5.0.1",
        "yargs-parser": "^20.0.0"
      }
    },
    "yargs-parser": {
      "version": "20.2.4",
      "resolved": "https://registry.npmjs.org/yargs-parser/-/yargs-parser-20.2.4.tgz",
      "integrity": "sha512-WOkpgNhPTlE73h4VFAFsOnomJVaovO8VqLDzy5saChRBFQFBoMYirowyW+Q9HB4HFF4Z7VZTiG3iSzJJA29yRA=="
    }
  }
}
