{
  "name": "hydrogen-extras",
  "version": "0.0.0",
  "lockfileVersion": 1,
  "requires": true,
  "dependencies": {
    "ansi_up": {
      "version": "4.0.3",
      "resolved": "https://registry.npmjs.org/ansi_up/-/ansi_up-4.0.3.tgz",
      "integrity": "sha512-ub+xzfB7Mkikx6u0/iHx97Cvs5SJRNjh3yoQpuRaAvC9L2t8ZghlqG6jXIQ7XkbtQyHJU/EP2AnPvwcib0vu6A=="
    }
  }
}
